{
  "requires": true,
  "lockfileVersion": 1,
  "dependencies": {
    "eslint-config-react-app": {
      "version": "2.1.0",
      "resolved": "https://registry.npmjs.org/eslint-config-react-app/-/eslint-config-react-app-2.1.0.tgz",
      "integrity": "sha512-8QZrKWuHVC57Fmu+SsKAVxnI9LycZl7NFQ4H9L+oeISuCXhYdXqsOOIVSjQFW6JF5MXZLFE+21Syhd7mF1IRZQ==",
      "dev": true
    },
    "eslint-plugin-requirejs": {
      "version": "3.2.0",
      "resolved": "https://registry.npmjs.org/eslint-plugin-requirejs/-/eslint-plugin-requirejs-3.2.0.tgz",
      "integrity": "sha512-HG9iGoO6I9mlU9y6G9/yOC+Q6jmJf63l1LjGmBuiDFhC/reARexH9hVi6IkPfbbSGK2ruGvMEuivvco1ft0c2Q==",
      "dev": true
    },
    "eslintrc": {
      "version": "1.0.6",
      "resolved": "https://registry.npmjs.org/eslintrc/-/eslintrc-1.0.6.tgz",
      "integrity": "sha1-LmwgfFwVprHA5+XVy7GNe8sBpBM=",
      "dev": true,
      "requires": {
        "eslint-config-react-app": "^2.1.0",
        "eslint-plugin-requirejs": "^3.1.1"
      }
    }
  }
}
